{
  "name": "example-marble",
  "version": "1.0.0",
  "lockfileVersion": 1,
  "requires": true,
  "dependencies": {
    "@marblejs/core": {
      "version": "1.0.0-rc.0",
      "resolved": "https://registry.npmjs.org/@marblejs/core/-/core-1.0.0-rc.0.tgz",
      "integrity": "sha512-EjEQtLiWvzfm95w64jUTQNrZOPpHaIJPkHAvfkshaycrBZfViGQ2GEieXDBs8r4Z04Q+z/eV0BwCrsVMkeSzvw==",
      "requires": {
        "file-type": "8.1.0",
        "mime": "2.3.1"
      }
    },
    "@marblejs/middleware-body": {
      "version": "1.0.0-rc.0",
      "resolved": "https://registry.npmjs.org/@marblejs/middleware-body/-/middleware-body-1.0.0-rc.0.tgz",
      "integrity": "sha512-aRuXIG0X+2xEN2DHzH4w7gputiTxAM/rr4vXz/tGjkfZnfjg1xG+wYXlOU8nP02+G88YZELPPXDLvWW98T3MQw=="
    },
    "@marblejs/middleware-logger": {
      "version": "1.0.0-rc.0",
      "resolved": "https://registry.npmjs.org/@marblejs/middleware-logger/-/middleware-logger-1.0.0-rc.0.tgz",
      "integrity": "sha512-xxvqYwkK2MqYbRUTWPih1lQvJTbxCftF0G48FbjQUfLM+NyqkGNNBaXPmto0cyl0ZjvS8IWgLX7TpBu8TP71EA==",
      "requires": {
        "chalk": "2.4.1"
      }
    },
    "@types/node": {
      "version": "10.5.5",
      "resolved": "https://registry.npmjs.org/@types/node/-/node-10.5.5.tgz",
      "integrity": "sha512-6Qnb1gXbp3g1JX9QVJj3A6ORzc9XCyhokxUKaoonHgNXcQhmk8adhotxfkeK8El9TnFeUuH72yI6jQ5nDJKS6w==",
      "dev": true
    },
    "ansi-styles": {
      "version": "3.2.1",
      "resolved": "https://registry.npmjs.org/ansi-styles/-/ansi-styles-3.2.1.tgz",
      "integrity": "sha512-VT0ZI6kZRdTh8YyJw3SMbYm/u+NqfsAxEpWO0Pf9sq8/e94WxxOpPKx9FR1FlyCtOVDNOQ+8ntlqFxiRc+r5qA==",
      "requires": {
        "color-convert": "1.9.2"
      }
    },
    "arrify": {
      "version": "1.0.1",
      "resolved": "https://registry.npmjs.org/arrify/-/arrify-1.0.1.tgz",
      "integrity": "sha1-iYUI2iIm84DfkEcoRWhJwVAaSw0=",
      "dev": true
    },
    "buffer-from": {
      "version": "1.1.1",
      "resolved": "https://registry.npmjs.org/buffer-from/-/buffer-from-1.1.1.tgz",
      "integrity": "sha512-MQcXEUbCKtEo7bhqEs6560Hyd4XaovZlO/k9V3hjVUF/zwW7KBVdSK4gIt/bzwS9MbR5qob+F5jusZsb0YQK2A==",
      "dev": true
    },
    "chalk": {
      "version": "2.4.1",
      "resolved": "https://registry.npmjs.org/chalk/-/chalk-2.4.1.tgz",
      "integrity": "sha512-ObN6h1v2fTJSmUXoS3nMQ92LbDK9be4TV+6G+omQlGJFdcUX5heKi1LZ1YnRMIgwTLEj3E24bT6tYni50rlCfQ==",
      "requires": {
        "ansi-styles": "3.2.1",
        "escape-string-regexp": "1.0.5",
        "supports-color": "5.4.0"
      }
    },
    "color-convert": {
      "version": "1.9.2",
      "resolved": "https://registry.npmjs.org/color-convert/-/color-convert-1.9.2.tgz",
      "integrity": "sha512-3NUJZdhMhcdPn8vJ9v2UQJoH0qqoGUkYTgFEPZaPjEtwmmKUfNV46zZmgB2M5M4DCEQHMaCfWHCxiBflLm04Tg==",
      "requires": {
        "color-name": "1.1.1"
      }
    },
    "color-name": {
      "version": "1.1.1",
      "resolved": "https://registry.npmjs.org/color-name/-/color-name-1.1.1.tgz",
      "integrity": "sha1-SxQVMEz1ACjqgWQ2Q72C6gWANok="
    },
    "diff": {
      "version": "3.5.0",
      "resolved": "https://registry.npmjs.org/diff/-/diff-3.5.0.tgz",
      "integrity": "sha512-A46qtFgd+g7pDZinpnwiRJtxbC1hpgf0uzP3iG89scHk0AUC7A1TGxf5OiiOUv/JMZR8GOt8hL900hV0bOy5xA==",
      "dev": true
    },
    "escape-string-regexp": {
      "version": "1.0.5",
      "resolved": "https://registry.npmjs.org/escape-string-regexp/-/escape-string-regexp-1.0.5.tgz",
      "integrity": "sha1-G2HAViGQqN/2rjuyzwIAyhMLhtQ="
    },
    "file-type": {
      "version": "8.1.0",
      "resolved": "https://registry.npmjs.org/file-type/-/file-type-8.1.0.tgz",
      "integrity": "sha512-qyQ0pzAy78gVoJsmYeNgl8uH8yKhr1lVhW7JbzJmnlRi0I4R2eEDEJZVKG8agpDnLpacwNbDhLNG/LMdxHD2YQ=="
    },
    "has-flag": {
      "version": "3.0.0",
      "resolved": "https://registry.npmjs.org/has-flag/-/has-flag-3.0.0.tgz",
      "integrity": "sha1-tdRU3CGZriJWmfNGfloH87lVuv0="
    },
    "make-error": {
      "version": "1.3.4",
      "resolved": "https://registry.npmjs.org/make-error/-/make-error-1.3.4.tgz",
      "integrity": "sha512-0Dab5btKVPhibSalc9QGXb559ED7G7iLjFXBaj9Wq8O3vorueR5K5jaE3hkG6ZQINyhA/JgG6Qk4qdFQjsYV6g==",
      "dev": true
    },
    "mime": {
      "version": "2.3.1",
      "resolved": "https://registry.npmjs.org/mime/-/mime-2.3.1.tgz",
      "integrity": "sha512-OEUllcVoydBHGN1z84yfQDimn58pZNNNXgZlHXSboxMlFvgI6MXSWpWKpFRra7H1HxpVhHTkrghfRW49k6yjeg=="
    },
    "minimist": {
      "version": "1.2.0",
      "resolved": "https://registry.npmjs.org/minimist/-/minimist-1.2.0.tgz",
      "integrity": "sha1-o1AIsg9BOD7sH7kU9M1d95omQoQ=",
      "dev": true
    },
    "mkdirp": {
      "version": "0.5.1",
      "resolved": "https://registry.npmjs.org/mkdirp/-/mkdirp-0.5.1.tgz",
      "integrity": "sha1-MAV0OOrGz3+MR2fzhkjWaX11yQM=",
      "dev": true,
      "requires": {
        "minimist": "0.0.8"
      },
      "dependencies": {
        "minimist": {
          "version": "0.0.8",
          "resolved": "https://registry.npmjs.org/minimist/-/minimist-0.0.8.tgz",
          "integrity": "sha1-hX/Kv8M5fSYluCKCYuhqp6ARsF0=",
          "dev": true
        }
      }
    },
    "rxjs": {
      "version": "6.2.2",
      "resolved": "https://registry.npmjs.org/rxjs/-/rxjs-6.2.2.tgz",
      "integrity": "sha512-0MI8+mkKAXZUF9vMrEoPnaoHkfzBPP4IGwUYRJhIRJF6/w3uByO1e91bEHn8zd43RdkTMKiooYKmwz7RH6zfOQ==",
      "requires": {
        "tslib": "1.9.3"
      }
    },
    "source-map": {
      "version": "0.6.1",
      "resolved": "https://registry.npmjs.org/source-map/-/source-map-0.6.1.tgz",
      "integrity": "sha512-UjgapumWlbMhkBgzT7Ykc5YXUT46F0iKu8SGXq0bcwP5dz/h0Plj6enJqjz1Zbq2l5WaqYnrVbwWOWMyF3F47g==",
      "dev": true
    },
    "source-map-support": {
      "version": "0.5.6",
      "resolved": "https://registry.npmjs.org/source-map-support/-/source-map-support-0.5.6.tgz",
      "integrity": "sha512-N4KXEz7jcKqPf2b2vZF11lQIz9W5ZMuUcIOGj243lduidkf2fjkVKJS9vNxVWn3u/uxX38AcE8U9nnH9FPcq+g==",
      "dev": true,
      "requires": {
        "buffer-from": "1.1.1",
        "source-map": "0.6.1"
      }
    },
    "supports-color": {
      "version": "5.4.0",
      "resolved": "https://registry.npmjs.org/supports-color/-/supports-color-5.4.0.tgz",
      "integrity": "sha512-zjaXglF5nnWpsq470jSv6P9DwPvgLkuapYmfDm3JWOm0vkNTVF2tI4UrN2r6jH1qM/uc/WtxYY1hYoA2dOKj5w==",
      "requires": {
        "has-flag": "3.0.0"
      }
    },
    "ts-node": {
      "version": "7.0.0",
      "resolved": "https://registry.npmjs.org/ts-node/-/ts-node-7.0.0.tgz",
      "integrity": "sha512-klJsfswHP0FuOLsvBZ/zzCfUvakOSSxds78mVeK7I+qP76YWtxf16hEZsp3U+b0kIo82R5UatGFeblYMqabb2Q==",
      "dev": true,
      "requires": {
        "arrify": "1.0.1",
        "buffer-from": "1.1.1",
        "diff": "3.5.0",
        "make-error": "1.3.4",
        "minimist": "1.2.0",
        "mkdirp": "0.5.1",
        "source-map-support": "0.5.6",
        "yn": "2.0.0"
      }
    },
    "tslib": {
      "version": "1.9.3",
      "resolved": "https://registry.npmjs.org/tslib/-/tslib-1.9.3.tgz",
      "integrity": "sha512-4krF8scpejhaOgqzBEcGM7yDIEfi0/8+8zDRZhNZZ2kjmHJ4hv3zCbQWxoJGz1iw5U0Jl0nma13xzHXcncMavQ=="
    },
    "typescript": {
      "version": "3.0.1",
      "resolved": "https://registry.npmjs.org/typescript/-/typescript-3.0.1.tgz",
      "integrity": "sha512-zQIMOmC+372pC/CCVLqnQ0zSBiY7HHodU7mpQdjiZddek4GMj31I3dUJ7gAs9o65X7mnRma6OokOkc6f9jjfBg==",
      "dev": true
    },
    "yn": {
      "version": "2.0.0",
      "resolved": "https://registry.npmjs.org/yn/-/yn-2.0.0.tgz",
      "integrity": "sha1-5a2ryKz0CPY4X8dklWhMiOavaJo=",
      "dev": true
    }
  }
}
